
Microsoft Visual Studio Solution File, Format Version 12.00
# Visual Studio Version 17
VisualStudioVersion = 17.3.32929.385
MinimumVisualStudioVersion = 10.0.40219.1
Project("{F2A71F9B-5D33-465A-A702-920D77279786}") = "BlackJack", "BlackJack\BlackJack.fsproj", "{BBEEB622-4A48-4D65-BADA-2D44A43A5F7A}"
EndProject
Global
	GlobalSection(SolutionConfigurationPlatforms) = preSolution
		Debug|Any CPU = Debug|Any CPU
		Release|Any CPU = Release|Any CPU
	EndGlobalSection
	GlobalSection(ProjectConfigurationPlatforms) = postSolution
		{BBEEB622-4A48-4D65-BADA-2D44A43A5F7A}.Debug|Any CPU.ActiveCfg = Debug|Any CPU
		{BBEEB622-4A48-4D65-BADA-2D44A43A5F7A}.Debug|Any CPU.Build.0 = Debug|Any CPU
		{BBEEB622-4A48-4D65-BADA-2D44A43A5F7A}.Release|Any CPU.ActiveCfg = Release|Any CPU
		{BBEEB622-4A48-4D65-BADA-2D44A43A5F7A}.Release|Any CPU.Build.0 = Release|Any CPU
	EndGlobalSection
	GlobalSection(SolutionProperties) = preSolution
		HideSolutionNode = FALSE
	EndGlobalSection
	GlobalSection(ExtensibilityGlobals) = postSolution
		SolutionGuid = {080C8786-D411-41DB-9689-E86CC770862D}
	EndGlobalSection
EndGlobal
